// !$*UTF8*$!
{
	archiveVersion = 1;
	classes = {
	};
	objectVersion = 50;
	objects = {

/* Begin PBXBuildFile section */
		852BA574246BC86F00B15B7D /* DateCollectionViewCell.swift in Sources */ = {isa = PBXBuildFile; fileRef = 852BA573246BC86F00B15B7D /* DateCollectionViewCell.swift */; };
		857EF7EE2468288200323533 /* Plan+CoreDataClass.swift in Sources */ = {isa = PBXBuildFile; fileRef = 857EF7E82468288200323533 /* Plan+CoreDataClass.swift */; };
		857EF7EF2468288200323533 /* Plan+CoreDataProperties.swift in Sources */ = {isa = PBXBuildFile; fileRef = 857EF7E92468288200323533 /* Plan+CoreDataProperties.swift */; };
		857EF7F02468288200323533 /* Routine+CoreDataClass.swift in Sources */ = {isa = PBXBuildFile; fileRef = 857EF7EA2468288200323533 /* Routine+CoreDataClass.swift */; };
		857EF7F12468288200323533 /* Routine+CoreDataProperties.swift in Sources */ = {isa = PBXBuildFile; fileRef = 857EF7EB2468288200323533 /* Routine+CoreDataProperties.swift */; };
		857EF7F22468288200323533 /* Workout+CoreDataClass.swift in Sources */ = {isa = PBXBuildFile; fileRef = 857EF7EC2468288200323533 /* Workout+CoreDataClass.swift */; };
		857EF7F32468288200323533 /* Workout+CoreDataProperties.swift in Sources */ = {isa = PBXBuildFile; fileRef = 857EF7ED2468288200323533 /* Workout+CoreDataProperties.swift */; };
		857EF7FD2468439100323533 /* Routine.storyboard in Resources */ = {isa = PBXBuildFile; fileRef = 857EF7FC2468439100323533 /* Routine.storyboard */; };
		857EF7FF246843E400323533 /* Home.storyboard in Resources */ = {isa = PBXBuildFile; fileRef = 857EF7FE246843E400323533 /* Home.storyboard */; };
		857EF8012468452E00323533 /* Stat.storyboard in Resources */ = {isa = PBXBuildFile; fileRef = 857EF8002468452E00323533 /* Stat.storyboard */; };
		857EF803246845C000323533 /* WorkoutRoutineViewController.swift in Sources */ = {isa = PBXBuildFile; fileRef = 857EF802246845C000323533 /* WorkoutRoutineViewController.swift */; };
		857EF806246855B100323533 /* WorkoutClass.swift in Sources */ = {isa = PBXBuildFile; fileRef = 857EF805246855B100323533 /* WorkoutClass.swift */; };
		857F133F246AB0B300568E22 /* HomeScreenViewController.swift in Sources */ = {isa = PBXBuildFile; fileRef = 857F133E246AB0B300568E22 /* HomeScreenViewController.swift */; };
		8593EAD32471735C00914C4D /* VolumeData.swift in Sources */ = {isa = PBXBuildFile; fileRef = 8593EAD22471735C00914C4D /* VolumeData.swift */; };
		8593EAD5247173B700914C4D /* WorkoutData.swift in Sources */ = {isa = PBXBuildFile; fileRef = 8593EAD4247173B700914C4D /* WorkoutData.swift */; };
		85B9D8FB246BCC2F00D17F2E /* CalenderInfo.swift in Sources */ = {isa = PBXBuildFile; fileRef = 85B9D8FA246BCC2F00D17F2E /* CalenderInfo.swift */; };
		85FD53BA24651C93004E9AB9 /* AppDelegate.swift in Sources */ = {isa = PBXBuildFile; fileRef = 85FD53B924651C93004E9AB9 /* AppDelegate.swift */; };
		85FD53BC24651C93004E9AB9 /* SceneDelegate.swift in Sources */ = {isa = PBXBuildFile; fileRef = 85FD53BB24651C93004E9AB9 /* SceneDelegate.swift */; };
		85FD53C124651C93004E9AB9 /* Main.storyboard in Resources */ = {isa = PBXBuildFile; fileRef = 85FD53BF24651C93004E9AB9 /* Main.storyboard */; };
		85FD53C324651C94004E9AB9 /* Assets.xcassets in Resources */ = {isa = PBXBuildFile; fileRef = 85FD53C224651C94004E9AB9 /* Assets.xcassets */; };
		85FD53C624651C94004E9AB9 /* LaunchScreen.storyboard in Resources */ = {isa = PBXBuildFile; fileRef = 85FD53C424651C94004E9AB9 /* LaunchScreen.storyboard */; };
		85FD53D72465A146004E9AB9 /* EditWorkout.swift in Sources */ = {isa = PBXBuildFile; fileRef = 85FD53D62465A146004E9AB9 /* EditWorkout.swift */; };
		85FD53D92465A165004E9AB9 /* RoutinePlanViewController.swift in Sources */ = {isa = PBXBuildFile; fileRef = 85FD53D82465A165004E9AB9 /* RoutinePlanViewController.swift */; };
		85FD53DB2465A194004E9AB9 /* WorkoutStatsViewController.swift in Sources */ = {isa = PBXBuildFile; fileRef = 85FD53DA2465A194004E9AB9 /* WorkoutStatsViewController.swift */; };
		85FD53DE2465C768004E9AB9 /* WorkoutPlansTableViewController.swift in Sources */ = {isa = PBXBuildFile; fileRef = 85FD53DD2465C768004E9AB9 /* WorkoutPlansTableViewController.swift */; };
		85FD53E02465C7B0004E9AB9 /* WorkoutListTableViewController.swift in Sources */ = {isa = PBXBuildFile; fileRef = 85FD53DF2465C7B0004E9AB9 /* WorkoutListTableViewController.swift */; };
		85FD53E22465C7E7004E9AB9 /* WorkoutRoutineTableViewController.swift in Sources */ = {isa = PBXBuildFile; fileRef = 85FD53E12465C7E7004E9AB9 /* WorkoutRoutineTableViewController.swift */; };
		85FD53E52465E063004E9AB9 /* Workout.xcdatamodeld in Sources */ = {isa = PBXBuildFile; fileRef = 85FD53E32465E063004E9AB9 /* Workout.xcdatamodeld */; };
		85FD53E72465E106004E9AB9 /* DatabaseProtocol.swift in Sources */ = {isa = PBXBuildFile; fileRef = 85FD53E62465E106004E9AB9 /* DatabaseProtocol.swift */; };
		85FD53E92465E112004E9AB9 /* MulticastDelegate.swift in Sources */ = {isa = PBXBuildFile; fileRef = 85FD53E82465E112004E9AB9 /* MulticastDelegate.swift */; };
		85FD53EB2465E123004E9AB9 /* CoreDataController.swift in Sources */ = {isa = PBXBuildFile; fileRef = 85FD53EA2465E123004E9AB9 /* CoreDataController.swift */; };
/* End PBXBuildFile section */

/* Begin PBXFileReference section */
		852BA573246BC86F00B15B7D /* DateCollectionViewCell.swift */ = {isa = PBXFileReference; lastKnownFileType = sourcecode.swift; path = DateCollectionViewCell.swift; sourceTree = "<group>"; };
		857EF7E82468288200323533 /* Plan+CoreDataClass.swift */ = {isa = PBXFileReference; lastKnownFileType = sourcecode.swift; path = "Plan+CoreDataClass.swift"; sourceTree = "<group>"; };
		857EF7E92468288200323533 /* Plan+CoreDataProperties.swift */ = {isa = PBXFileReference; lastKnownFileType = sourcecode.swift; path = "Plan+CoreDataProperties.swift"; sourceTree = "<group>"; };
		857EF7EA2468288200323533 /* Routine+CoreDataClass.swift */ = {isa = PBXFileReference; lastKnownFileType = sourcecode.swift; path = "Routine+CoreDataClass.swift"; sourceTree = "<group>"; };
		857EF7EB2468288200323533 /* Routine+CoreDataProperties.swift */ = {isa = PBXFileReference; lastKnownFileType = sourcecode.swift; path = "Routine+CoreDataProperties.swift"; sourceTree = "<group>"; };
		857EF7EC2468288200323533 /* Workout+CoreDataClass.swift */ = {isa = PBXFileReference; lastKnownFileType = sourcecode.swift; path = "Workout+CoreDataClass.swift"; sourceTree = "<group>"; };
		857EF7ED2468288200323533 /* Workout+CoreDataProperties.swift */ = {isa = PBXFileReference; lastKnownFileType = sourcecode.swift; path = "Workout+CoreDataProperties.swift"; sourceTree = "<group>"; };
		857EF7FC2468439100323533 /* Routine.storyboard */ = {isa = PBXFileReference; fileEncoding = 4; lastKnownFileType = file.storyboard; path = Routine.storyboard; sourceTree = "<group>"; };
		857EF7FE246843E400323533 /* Home.storyboard */ = {isa = PBXFileReference; fileEncoding = 4; lastKnownFileType = file.storyboard; path = Home.storyboard; sourceTree = "<group>"; };
		857EF8002468452E00323533 /* Stat.storyboard */ = {isa = PBXFileReference; fileEncoding = 4; lastKnownFileType = file.storyboard; path = Stat.storyboard; sourceTree = "<group>"; };
		857EF802246845C000323533 /* WorkoutRoutineViewController.swift */ = {isa = PBXFileReference; lastKnownFileType = sourcecode.swift; path = WorkoutRoutineViewController.swift; sourceTree = "<group>"; };
		857EF805246855B100323533 /* WorkoutClass.swift */ = {isa = PBXFileReference; lastKnownFileType = sourcecode.swift; path = WorkoutClass.swift; sourceTree = "<group>"; };
		857F133E246AB0B300568E22 /* HomeScreenViewController.swift */ = {isa = PBXFileReference; lastKnownFileType = sourcecode.swift; path = HomeScreenViewController.swift; sourceTree = "<group>"; };
		8593EAD22471735C00914C4D /* VolumeData.swift */ = {isa = PBXFileReference; lastKnownFileType = sourcecode.swift; path = VolumeData.swift; sourceTree = "<group>"; };
		8593EAD4247173B700914C4D /* WorkoutData.swift */ = {isa = PBXFileReference; lastKnownFileType = sourcecode.swift; path = WorkoutData.swift; sourceTree = "<group>"; };
		85B9D8FA246BCC2F00D17F2E /* CalenderInfo.swift */ = {isa = PBXFileReference; lastKnownFileType = sourcecode.swift; path = CalenderInfo.swift; sourceTree = "<group>"; };
		85FD53B624651C93004E9AB9 /* FitLevel.app */ = {isa = PBXFileReference; explicitFileType = wrapper.application; includeInIndex = 0; path = FitLevel.app; sourceTree = BUILT_PRODUCTS_DIR; };
		85FD53B924651C93004E9AB9 /* AppDelegate.swift */ = {isa = PBXFileReference; lastKnownFileType = sourcecode.swift; path = AppDelegate.swift; sourceTree = "<group>"; };
		85FD53BB24651C93004E9AB9 /* SceneDelegate.swift */ = {isa = PBXFileReference; lastKnownFileType = sourcecode.swift; path = SceneDelegate.swift; sourceTree = "<group>"; };
		85FD53C024651C93004E9AB9 /* Base */ = {isa = PBXFileReference; lastKnownFileType = file.storyboard; name = Base; path = Base.lproj/Main.storyboard; sourceTree = "<group>"; };
		85FD53C224651C94004E9AB9 /* Assets.xcassets */ = {isa = PBXFileReference; lastKnownFileType = folder.assetcatalog; path = Assets.xcassets; sourceTree = "<group>"; };
		85FD53C524651C94004E9AB9 /* Base */ = {isa = PBXFileReference; lastKnownFileType = file.storyboard; name = Base; path = Base.lproj/LaunchScreen.storyboard; sourceTree = "<group>"; };
		85FD53C724651C95004E9AB9 /* Info.plist */ = {isa = PBXFileReference; lastKnownFileType = text.plist.xml; path = Info.plist; sourceTree = "<group>"; };
		85FD53D62465A146004E9AB9 /* EditWorkout.swift */ = {isa = PBXFileReference; lastKnownFileType = sourcecode.swift; path = EditWorkout.swift; sourceTree = "<group>"; };
		85FD53D82465A165004E9AB9 /* RoutinePlanViewController.swift */ = {isa = PBXFileReference; lastKnownFileType = sourcecode.swift; path = RoutinePlanViewController.swift; sourceTree = "<group>"; };
		85FD53DA2465A194004E9AB9 /* WorkoutStatsViewController.swift */ = {isa = PBXFileReference; lastKnownFileType = sourcecode.swift; path = WorkoutStatsViewController.swift; sourceTree = "<group>"; };
		85FD53DD2465C768004E9AB9 /* WorkoutPlansTableViewController.swift */ = {isa = PBXFileReference; lastKnownFileType = sourcecode.swift; path = WorkoutPlansTableViewController.swift; sourceTree = "<group>"; };
		85FD53DF2465C7B0004E9AB9 /* WorkoutListTableViewController.swift */ = {isa = PBXFileReference; lastKnownFileType = sourcecode.swift; path = WorkoutListTableViewController.swift; sourceTree = "<group>"; };
		85FD53E12465C7E7004E9AB9 /* WorkoutRoutineTableViewController.swift */ = {isa = PBXFileReference; lastKnownFileType = sourcecode.swift; path = WorkoutRoutineTableViewController.swift; sourceTree = "<group>"; };
		85FD53E42465E063004E9AB9 /* Workout.xcdatamodel */ = {isa = PBXFileReference; lastKnownFileType = wrapper.xcdatamodel; path = Workout.xcdatamodel; sourceTree = "<group>"; };
		85FD53E62465E106004E9AB9 /* DatabaseProtocol.swift */ = {isa = PBXFileReference; lastKnownFileType = sourcecode.swift; path = DatabaseProtocol.swift; sourceTree = "<group>"; };
		85FD53E82465E112004E9AB9 /* MulticastDelegate.swift */ = {isa = PBXFileReference; lastKnownFileType = sourcecode.swift; path = MulticastDelegate.swift; sourceTree = "<group>"; };
		85FD53EA2465E123004E9AB9 /* CoreDataController.swift */ = {isa = PBXFileReference; lastKnownFileType = sourcecode.swift; path = CoreDataController.swift; sourceTree = "<group>"; };
/* End PBXFileReference section */

/* Begin PBXFrameworksBuildPhase section */
		85FD53B324651C93004E9AB9 /* Frameworks */ = {
			isa = PBXFrameworksBuildPhase;
			buildActionMask = 2147483647;
			files = (
			);
			runOnlyForDeploymentPostprocessing = 0;
		};
/* End PBXFrameworksBuildPhase section */

/* Begin PBXGroup section */
		857EF7F724683FF200323533 /* View */ = {
			isa = PBXGroup;
			children = (
				85FD53BF24651C93004E9AB9 /* Main.storyboard */,
				857EF7FE246843E400323533 /* Home.storyboard */,
				857EF7FC2468439100323533 /* Routine.storyboard */,
				857EF8002468452E00323533 /* Stat.storyboard */,
				85FD53C424651C94004E9AB9 /* LaunchScreen.storyboard */,
			);
			path = View;
			sourceTree = "<group>";
		};
		857EF804246855A200323533 /* Class */ = {
			isa = PBXGroup;
			children = (
				857EF805246855B100323533 /* WorkoutClass.swift */,
			);
			path = Class;
			sourceTree = "<group>";
		};
		8593EAD124715E0800914C4D /* API */ = {
			isa = PBXGroup;
			children = (
				8593EAD22471735C00914C4D /* VolumeData.swift */,
				8593EAD4247173B700914C4D /* WorkoutData.swift */,
			);
			path = API;
			sourceTree = "<group>";
		};
		85B9D8F9246BCC1A00D17F2E /* Calender */ = {
			isa = PBXGroup;
			children = (
				85B9D8FA246BCC2F00D17F2E /* CalenderInfo.swift */,
				857F133E246AB0B300568E22 /* HomeScreenViewController.swift */,
				852BA573246BC86F00B15B7D /* DateCollectionViewCell.swift */,
			);
			path = Calender;
			sourceTree = "<group>";
		};
		85FD53AD24651C93004E9AB9 = {
			isa = PBXGroup;
			children = (
				85FD53B724651C93004E9AB9 /* Products */,
				85FD53B824651C93004E9AB9 /* FitLevel */,
			);
			sourceTree = "<group>";
		};
		85FD53B724651C93004E9AB9 /* Products */ = {
			isa = PBXGroup;
			children = (
				85FD53B624651C93004E9AB9 /* FitLevel.app */,
			);
			name = Products;
			sourceTree = "<group>";
		};
		85FD53B824651C93004E9AB9 /* FitLevel */ = {
			isa = PBXGroup;
			children = (
				8593EAD124715E0800914C4D /* API */,
				85B9D8F9246BCC1A00D17F2E /* Calender */,
				857EF804246855A200323533 /* Class */,
				857EF7F724683FF200323533 /* View */,
				85FD53C224651C94004E9AB9 /* Assets.xcassets */,
				85FD53C724651C95004E9AB9 /* Info.plist */,
				85FD53DC2465A41C004E9AB9 /* Main */,
				85FD53D32465A0E2004E9AB9 /* View Controller */,
				85FD53D22465A0D6004E9AB9 /* Delegate */,
				85FD53D12465A0CC004E9AB9 /* Table View Controller */,
				85FD53D02465A0C6004E9AB9 /* DataModel */,
				85FD53CE2465A038004E9AB9 /* Database */,
			);
			path = FitLevel;
			sourceTree = "<group>";
		};
		85FD53CE2465A038004E9AB9 /* Database */ = {
			isa = PBXGroup;
			children = (
				85FD53E62465E106004E9AB9 /* DatabaseProtocol.swift */,
				85FD53E82465E112004E9AB9 /* MulticastDelegate.swift */,
				85FD53EA2465E123004E9AB9 /* CoreDataController.swift */,
			);
			path = Database;
			sourceTree = "<group>";
		};
		85FD53D02465A0C6004E9AB9 /* DataModel */ = {
			isa = PBXGroup;
			children = (
				857EF7E82468288200323533 /* Plan+CoreDataClass.swift */,
				857EF7E92468288200323533 /* Plan+CoreDataProperties.swift */,
				857EF7EA2468288200323533 /* Routine+CoreDataClass.swift */,
				857EF7EB2468288200323533 /* Routine+CoreDataProperties.swift */,
				857EF7EC2468288200323533 /* Workout+CoreDataClass.swift */,
				857EF7ED2468288200323533 /* Workout+CoreDataProperties.swift */,
				85FD53E32465E063004E9AB9 /* Workout.xcdatamodeld */,
			);
			path = DataModel;
			sourceTree = "<group>";
		};
		85FD53D12465A0CC004E9AB9 /* Table View Controller */ = {
			isa = PBXGroup;
			children = (
				85FD53DD2465C768004E9AB9 /* WorkoutPlansTableViewController.swift */,
				85FD53DF2465C7B0004E9AB9 /* WorkoutListTableViewController.swift */,
				85FD53E12465C7E7004E9AB9 /* WorkoutRoutineTableViewController.swift */,
			);
			path = "Table View Controller";
			sourceTree = "<group>";
		};
		85FD53D22465A0D6004E9AB9 /* Delegate */ = {
			isa = PBXGroup;
			children = (
				85FD53B924651C93004E9AB9 /* AppDelegate.swift */,
				85FD53BB24651C93004E9AB9 /* SceneDelegate.swift */,
			);
			path = Delegate;
			sourceTree = "<group>";
		};
		85FD53D32465A0E2004E9AB9 /* View Controller */ = {
			isa = PBXGroup;
			children = (
				85FD53D62465A146004E9AB9 /* EditWorkout.swift */,
				85FD53D82465A165004E9AB9 /* RoutinePlanViewController.swift */,
				85FD53DA2465A194004E9AB9 /* WorkoutStatsViewController.swift */,
				857EF802246845C000323533 /* WorkoutRoutineViewController.swift */,
			);
			path = "View Controller";
			sourceTree = "<group>";
		};
		85FD53DC2465A41C004E9AB9 /* Main */ = {
			isa = PBXGroup;
			children = (
			);
			path = Main;
			sourceTree = "<group>";
		};
/* End PBXGroup section */

/* Begin PBXNativeTarget section */
		85FD53B524651C93004E9AB9 /* FitLevel */ = {
			isa = PBXNativeTarget;
			buildConfigurationList = 85FD53CA24651C95004E9AB9 /* Build configuration list for PBXNativeTarget "FitLevel" */;
			buildPhases = (
				85FD53B224651C93004E9AB9 /* Sources */,
				85FD53B324651C93004E9AB9 /* Frameworks */,
				85FD53B424651C93004E9AB9 /* Resources */,
			);
			buildRules = (
			);
			dependencies = (
			);
			name = FitLevel;
			productName = FitLevel;
			productReference = 85FD53B624651C93004E9AB9 /* FitLevel.app */;
			productType = "com.apple.product-type.application";
		};
/* End PBXNativeTarget section */

/* Begin PBXProject section */
		85FD53AE24651C93004E9AB9 /* Project object */ = {
			isa = PBXProject;
			attributes = {
				LastSwiftUpdateCheck = 1130;
				LastUpgradeCheck = 1130;
				ORGANIZATIONNAME = "Jacky Eng";
				TargetAttributes = {
					85FD53B524651C93004E9AB9 = {
						CreatedOnToolsVersion = 11.3.1;
					};
				};
			};
			buildConfigurationList = 85FD53B124651C93004E9AB9 /* Build configuration list for PBXProject "FitLevel" */;
			compatibilityVersion = "Xcode 9.3";
			developmentRegion = en;
			hasScannedForEncodings = 0;
			knownRegions = (
				en,
				Base,
			);
			mainGroup = 85FD53AD24651C93004E9AB9;
			productRefGroup = 85FD53B724651C93004E9AB9 /* Products */;
			projectDirPath = "";
			projectRoot = "";
			targets = (
				85FD53B524651C93004E9AB9 /* FitLevel */,
			);
		};
/* End PBXProject section */

/* Begin PBXResourcesBuildPhase section */
		85FD53B424651C93004E9AB9 /* Resources */ = {
			isa = PBXResourcesBuildPhase;
			buildActionMask = 2147483647;
			files = (
				85FD53C624651C94004E9AB9 /* LaunchScreen.storyboard in Resources */,
				857EF7FF246843E400323533 /* Home.storyboard in Resources */,
				85FD53C324651C94004E9AB9 /* Assets.xcassets in Resources */,
				85FD53C124651C93004E9AB9 /* Main.storyboard in Resources */,
				857EF8012468452E00323533 /* Stat.storyboard in Resources */,
				857EF7FD2468439100323533 /* Routine.storyboard in Resources */,
			);
			runOnlyForDeploymentPostprocessing = 0;
		};
/* End PBXResourcesBuildPhase section */

/* Begin PBXSourcesBuildPhase section */
		85FD53B224651C93004E9AB9 /* Sources */ = {
			isa = PBXSourcesBuildPhase;
			buildActionMask = 2147483647;
			files = (
				857EF7F02468288200323533 /* Routine+CoreDataClass.swift in Sources */,
				857EF803246845C000323533 /* WorkoutRoutineViewController.swift in Sources */,
				857EF806246855B100323533 /* WorkoutClass.swift in Sources */,
				85FD53DE2465C768004E9AB9 /* WorkoutPlansTableViewController.swift in Sources */,
				857F133F246AB0B300568E22 /* HomeScreenViewController.swift in Sources */,
				857EF7EE2468288200323533 /* Plan+CoreDataClass.swift in Sources */,
				85FD53D72465A146004E9AB9 /* EditWorkout.swift in Sources */,
				857EF7F12468288200323533 /* Routine+CoreDataProperties.swift in Sources */,
				85B9D8FB246BCC2F00D17F2E /* CalenderInfo.swift in Sources */,
				85FD53E52465E063004E9AB9 /* Workout.xcdatamodeld in Sources */,
				8593EAD5247173B700914C4D /* WorkoutData.swift in Sources */,
				85FD53BA24651C93004E9AB9 /* AppDelegate.swift in Sources */,
				85FD53E72465E106004E9AB9 /* DatabaseProtocol.swift in Sources */,
				85FD53BC24651C93004E9AB9 /* SceneDelegate.swift in Sources */,
				8593EAD32471735C00914C4D /* VolumeData.swift in Sources */,
				852BA574246BC86F00B15B7D /* DateCollectionViewCell.swift in Sources */,
				85FD53E02465C7B0004E9AB9 /* WorkoutListTableViewController.swift in Sources */,
				857EF7EF2468288200323533 /* Plan+CoreDataProperties.swift in Sources */,
				85FD53EB2465E123004E9AB9 /* CoreDataController.swift in Sources */,
				857EF7F22468288200323533 /* Workout+CoreDataClass.swift in Sources */,
				85FD53E22465C7E7004E9AB9 /* WorkoutRoutineTableViewController.swift in Sources */,
				85FD53DB2465A194004E9AB9 /* WorkoutStatsViewController.swift in Sources */,
				85FD53D92465A165004E9AB9 /* RoutinePlanViewController.swift in Sources */,
				857EF7F32468288200323533 /* Workout+CoreDataProperties.swift in Sources */,
				85FD53E92465E112004E9AB9 /* MulticastDelegate.swift in Sources */,
			);
			runOnlyForDeploymentPostprocessing = 0;
		};
/* End PBXSourcesBuildPhase section */

/* Begin PBXVariantGroup section */
		85FD53BF24651C93004E9AB9 /* Main.storyboard */ = {
			isa = PBXVariantGroup;
			children = (
				85FD53C024651C93004E9AB9 /* Base */,
			);
			name = Main.storyboard;
			sourceTree = "<group>";
		};
		85FD53C424651C94004E9AB9 /* LaunchScreen.storyboard */ = {
			isa = PBXVariantGroup;
			children = (
				85FD53C524651C94004E9AB9 /* Base */,
			);
			name = LaunchScreen.storyboard;
			sourceTree = "<group>";
		};
/* End PBXVariantGroup section */

/* Begin XCBuildConfiguration section */
		85FD53C824651C95004E9AB9 /* Debug */ = {
			isa = XCBuildConfiguration;
			buildSettings = {
				ALWAYS_SEARCH_USER_PATHS = NO;
				CLANG_ANALYZER_NONNULL = YES;
				CLANG_ANALYZER_NUMBER_OBJECT_CONVERSION = YES_AGGRESSIVE;
				CLANG_CXX_LANGUAGE_STANDARD = "gnu++14";
				CLANG_CXX_LIBRARY = "libc++";
				CLANG_ENABLE_MODULES = YES;
				CLANG_ENABLE_OBJC_ARC = YES;
				CLANG_ENABLE_OBJC_WEAK = YES;
				CLANG_WARN_BLOCK_CAPTURE_AUTORELEASING = YES;
				CLANG_WARN_BOOL_CONVERSION = YES;
				CLANG_WARN_COMMA = YES;
				CLANG_WARN_CONSTANT_CONVERSION = YES;
				CLANG_WARN_DEPRECATED_OBJC_IMPLEMENTATIONS = YES;
				CLANG_WARN_DIRECT_OBJC_ISA_USAGE = YES_ERROR;
				CLANG_WARN_DOCUMENTATION_COMMENTS = YES;
				CLANG_WARN_EMPTY_BODY = YES;
				CLANG_WARN_ENUM_CONVERSION = YES;
				CLANG_WARN_INFINITE_RECURSION = YES;
				CLANG_WARN_INT_CONVERSION = YES;
				CLANG_WARN_NON_LITERAL_NULL_CONVERSION = YES;
				CLANG_WARN_OBJC_IMPLICIT_RETAIN_SELF = YES;
				CLANG_WARN_OBJC_LITERAL_CONVERSION = YES;
				CLANG_WARN_OBJC_ROOT_CLASS = YES_ERROR;
				CLANG_WARN_RANGE_LOOP_ANALYSIS = YES;
				CLANG_WARN_STRICT_PROTOTYPES = YES;
				CLANG_WARN_SUSPICIOUS_MOVE = YES;
				CLANG_WARN_UNGUARDED_AVAILABILITY = YES_AGGRESSIVE;
				CLANG_WARN_UNREACHABLE_CODE = YES;
				CLANG_WARN__DUPLICATE_METHOD_MATCH = YES;
				COPY_PHASE_STRIP = NO;
				DEBUG_INFORMATION_FORMAT = dwarf;
				ENABLE_STRICT_OBJC_MSGSEND = YES;
				ENABLE_TESTABILITY = YES;
				GCC_C_LANGUAGE_STANDARD = gnu11;
				GCC_DYNAMIC_NO_PIC = NO;
				GCC_NO_COMMON_BLOCKS = YES;
				GCC_OPTIMIZATION_LEVEL = 0;
				GCC_PREPROCESSOR_DEFINITIONS = (
					"DEBUG=1",
					"$(inherited)",
				);
				GCC_WARN_64_TO_32_BIT_CONVERSION = YES;
				GCC_WARN_ABOUT_RETURN_TYPE = YES_ERROR;
				GCC_WARN_UNDECLARED_SELECTOR = YES;
				GCC_WARN_UNINITIALIZED_AUTOS = YES_AGGRESSIVE;
				GCC_WARN_UNUSED_FUNCTION = YES;
				GCC_WARN_UNUSED_VARIABLE = YES;
				IPHONEOS_DEPLOYMENT_TARGET = 13.2;
				MTL_ENABLE_DEBUG_INFO = INCLUDE_SOURCE;
				MTL_FAST_MATH = YES;
				ONLY_ACTIVE_ARCH = YES;
				SDKROOT = iphoneos;
				SWIFT_ACTIVE_COMPILATION_CONDITIONS = DEBUG;
				SWIFT_OPTIMIZATION_LEVEL = "-Onone";
			};
			name = Debug;
		};
		85FD53C924651C95004E9AB9 /* Release */ = {
			isa = XCBuildConfiguration;
			buildSettings = {
				ALWAYS_SEARCH_USER_PATHS = NO;
				CLANG_ANALYZER_NONNULL = YES;
				CLANG_ANALYZER_NUMBER_OBJECT_CONVERSION = YES_AGGRESSIVE;
				CLANG_CXX_LANGUAGE_STANDARD = "gnu++14";
				CLANG_CXX_LIBRARY = "libc++";
				CLANG_ENABLE_MODULES = YES;
				CLANG_ENABLE_OBJC_ARC = YES;
				CLANG_ENABLE_OBJC_WEAK = YES;
				CLANG_WARN_BLOCK_CAPTURE_AUTORELEASING = YES;
				CLANG_WARN_BOOL_CONVERSION = YES;
				CLANG_WARN_COMMA = YES;
				CLANG_WARN_CONSTANT_CONVERSION = YES;
				CLANG_WARN_DEPRECATED_OBJC_IMPLEMENTATIONS = YES;
				CLANG_WARN_DIRECT_OBJC_ISA_USAGE = YES_ERROR;
				CLANG_WARN_DOCUMENTATION_COMMENTS = YES;
				CLANG_WARN_EMPTY_BODY = YES;
				CLANG_WARN_ENUM_CONVERSION = YES;
				CLANG_WARN_INFINITE_RECURSION = YES;
				CLANG_WARN_INT_CONVERSION = YES;
				CLANG_WARN_NON_LITERAL_NULL_CONVERSION = YES;
				CLANG_WARN_OBJC_IMPLICIT_RETAIN_SELF = YES;
				CLANG_WARN_OBJC_LITERAL_CONVERSION = YES;
				CLANG_WARN_OBJC_ROOT_CLASS = YES_ERROR;
				CLANG_WARN_RANGE_LOOP_ANALYSIS = YES;
				CLANG_WARN_STRICT_PROTOTYPES = YES;
				CLANG_WARN_SUSPICIOUS_MOVE = YES;
				CLANG_WARN_UNGUARDED_AVAILABILITY = YES_AGGRESSIVE;
				CLANG_WARN_UNREACHABLE_CODE = YES;
				CLANG_WARN__DUPLICATE_METHOD_MATCH = YES;
				COPY_PHASE_STRIP = NO;
				DEBUG_INFORMATION_FORMAT = "dwarf-with-dsym";
				ENABLE_NS_ASSERTIONS = NO;
				ENABLE_STRICT_OBJC_MSGSEND = YES;
				GCC_C_LANGUAGE_STANDARD = gnu11;
				GCC_NO_COMMON_BLOCKS = YES;
				GCC_WARN_64_TO_32_BIT_CONVERSION = YES;
				GCC_WARN_ABOUT_RETURN_TYPE = YES_ERROR;
				GCC_WARN_UNDECLARED_SELECTOR = YES;
				GCC_WARN_UNINITIALIZED_AUTOS = YES_AGGRESSIVE;
				GCC_WARN_UNUSED_FUNCTION = YES;
				GCC_WARN_UNUSED_VARIABLE = YES;
				IPHONEOS_DEPLOYMENT_TARGET = 13.2;
				MTL_ENABLE_DEBUG_INFO = NO;
				MTL_FAST_MATH = YES;
				SDKROOT = iphoneos;
				SWIFT_COMPILATION_MODE = wholemodule;
				SWIFT_OPTIMIZATION_LEVEL = "-O";
				VALIDATE_PRODUCT = YES;
			};
			name = Release;
		};
		85FD53CB24651C95004E9AB9 /* Debug */ = {
			isa = XCBuildConfiguration;
			buildSettings = {
				ASSETCATALOG_COMPILER_APPICON_NAME = AppIcon;
				CODE_SIGN_STYLE = Automatic;
				INFOPLIST_FILE = FitLevel/Info.plist;
				LD_RUNPATH_SEARCH_PATHS = (
					"$(inherited)",
					"@executable_path/Frameworks",
				);
				PRODUCT_BUNDLE_IDENTIFIER = edu.monash.FitLevel;
				PRODUCT_NAME = "$(TARGET_NAME)";
				SWIFT_VERSION = 5.0;
				TARGETED_DEVICE_FAMILY = "1,2";
			};
			name = Debug;
		};
		85FD53CC24651C95004E9AB9 /* Release */ = {
			isa = XCBuildConfiguration;
			buildSettings = {
				ASSETCATALOG_COMPILER_APPICON_NAME = AppIcon;
				CODE_SIGN_STYLE = Automatic;
				INFOPLIST_FILE = FitLevel/Info.plist;
				LD_RUNPATH_SEARCH_PATHS = (
					"$(inherited)",
					"@executable_path/Frameworks",
				);
				PRODUCT_BUNDLE_IDENTIFIER = edu.monash.FitLevel;
				PRODUCT_NAME = "$(TARGET_NAME)";
				SWIFT_VERSION = 5.0;
				TARGETED_DEVICE_FAMILY = "1,2";
			};
			name = Release;
		};
/* End XCBuildConfiguration section */

/* Begin XCConfigurationList section */
		85FD53B124651C93004E9AB9 /* Build configuration list for PBXProject "FitLevel" */ = {
			isa = XCConfigurationList;
			buildConfigurations = (
				85FD53C824651C95004E9AB9 /* Debug */,
				85FD53C924651C95004E9AB9 /* Release */,
			);
			defaultConfigurationIsVisible = 0;
			defaultConfigurationName = Release;
		};
		85FD53CA24651C95004E9AB9 /* Build configuration list for PBXNativeTarget "FitLevel" */ = {
			isa = XCConfigurationList;
			buildConfigurations = (
				85FD53CB24651C95004E9AB9 /* Debug */,
				85FD53CC24651C95004E9AB9 /* Release */,
			);
			defaultConfigurationIsVisible = 0;
			defaultConfigurationName = Release;
		};
/* End XCConfigurationList section */

/* Begin XCVersionGroup section */
		85FD53E32465E063004E9AB9 /* Workout.xcdatamodeld */ = {
			isa = XCVersionGroup;
			children = (
				85FD53E42465E063004E9AB9 /* Workout.xcdatamodel */,
			);
			currentVersion = 85FD53E42465E063004E9AB9 /* Workout.xcdatamodel */;
			path = Workout.xcdatamodeld;
			sourceTree = "<group>";
			versionGroupType = wrapper.xcdatamodel;
		};
/* End XCVersionGroup section */
	};
	rootObject = 85FD53AE24651C93004E9AB9 /* Project object */;
}
